
Microsoft Visual Studio Solution File, Format Version 12.00
# Visual Studio 15
VisualStudioVersion = 15.0.26730.16
MinimumVisualStudioVersion = 10.0.40219.1
Project("{FAE04EC0-301F-11D3-BF4B-00C04F79EFBC}") = "CarRent", "CarRent\CarRent.csproj", "{3B06CC12-FDA7-4270-89F2-61114B7DC479}"
EndProject
Project("{FAE04EC0-301F-11D3-BF4B-00C04F79EFBC}") = "CarRentTest", "CarRentTest\CarRentTest.csproj", "{D020C17F-B5E6-4EF8-9BB5-6343EB96CAD3}"
EndProject
Global
	GlobalSection(SolutionConfigurationPlatforms) = preSolution
		Debug|Any CPU = Debug|Any CPU
		Release|Any CPU = Release|Any CPU
	EndGlobalSection
	GlobalSection(ProjectConfigurationPlatforms) = postSolution
		{3B06CC12-FDA7-4270-89F2-61114B7DC479}.Debug|Any CPU.ActiveCfg = Debug|Any CPU
		{3B06CC12-FDA7-4270-89F2-61114B7DC479}.Debug|Any CPU.Build.0 = Debug|Any CPU
		{3B06CC12-FDA7-4270-89F2-61114B7DC479}.Release|Any CPU.ActiveCfg = Release|Any CPU
		{3B06CC12-FDA7-4270-89F2-61114B7DC479}.Release|Any CPU.Build.0 = Release|Any CPU
		{D020C17F-B5E6-4EF8-9BB5-6343EB96CAD3}.Debug|Any CPU.ActiveCfg = Debug|Any CPU
		{D020C17F-B5E6-4EF8-9BB5-6343EB96CAD3}.Debug|Any CPU.Build.0 = Debug|Any CPU
		{D020C17F-B5E6-4EF8-9BB5-6343EB96CAD3}.Release|Any CPU.ActiveCfg = Release|Any CPU
		{D020C17F-B5E6-4EF8-9BB5-6343EB96CAD3}.Release|Any CPU.Build.0 = Release|Any CPU
	EndGlobalSection
	GlobalSection(SolutionProperties) = preSolution
		HideSolutionNode = FALSE
	EndGlobalSection
	GlobalSection(ExtensibilityGlobals) = postSolution
		SolutionGuid = {19793429-4FB8-4765-A72A-5B73160CB174}
	EndGlobalSection
EndGlobal
